
Microsoft Visual Studio Solution File, Format Version 12.00
# Visual Studio Version 17
VisualStudioVersion = 17.11.35327.3
MinimumVisualStudioVersion = 10.0.40219.1
Project("{FAE04EC0-301F-11D3-BF4B-00C04F79EFBC}") = "MegaMarket", "WebApplication1\MegaMarket.csproj", "{4BE6415A-7CDB-4847-B80B-F3C480484500}"
EndProject
Global
	GlobalSection(SolutionConfigurationPlatforms) = preSolution
		Debug|Any CPU = Debug|Any CPU
		Release|Any CPU = Release|Any CPU
	EndGlobalSection
	GlobalSection(ProjectConfigurationPlatforms) = postSolution
		{4BE6415A-7CDB-4847-B80B-F3C480484500}.Debug|Any CPU.ActiveCfg = Debug|Any CPU
		{4BE6415A-7CDB-4847-B80B-F3C480484500}.Debug|Any CPU.Build.0 = Debug|Any CPU
		{4BE6415A-7CDB-4847-B80B-F3C480484500}.Release|Any CPU.ActiveCfg = Release|Any CPU
		{4BE6415A-7CDB-4847-B80B-F3C480484500}.Release|Any CPU.Build.0 = Release|Any CPU
	EndGlobalSection
	GlobalSection(SolutionProperties) = preSolution
		HideSolutionNode = FALSE
	EndGlobalSection
	GlobalSection(ExtensibilityGlobals) = postSolution
		SolutionGuid = {7F058787-D000-4558-851F-75D8C122CA0B}
	EndGlobalSection
EndGlobal
